<?xml version="1.0" encoding="utf-8"?>
<Project ToolsVersion="4.0" xmlns="http://schemas.microsoft.com/developer/msbuild/2003">
  <ItemGroup>
    <ClCompile Include="..\Block.cpp" />
    <ClCompile Include="..\main.cpp" />
    <ClCompile Include="..\Map.cpp" />
    <ClCompile Include="..\Overlap.cpp" />
    <ClCompile Include="..\ResourcePathWindows.cpp" />
    <ClCompile Include="..\IntroDialogue.cpp" />
    <ClCompile Include="..\Player.cpp" />
<<<<<<< HEAD
    <ClCompile Include="..\Monster.cpp" />
=======
    <ClCompile Include="..\mainScreen.cpp" />
>>>>>>> refs/remotes/DevelopersGuild/master
  </ItemGroup>
  <ItemGroup>
    <ClInclude Include="..\Block.h" />
    <ClInclude Include="..\IntroDialogue.h" />
    <ClInclude Include="..\Map.h" />
    <ClInclude Include="..\Overlap.h" />
    <ClInclude Include="..\Player.h" />
    <ClInclude Include="..\ResourcePath.h" />
<<<<<<< HEAD
    <ClInclude Include="..\Monster.h" />
=======
    <ClInclude Include="..\mainScreen.h" />
>>>>>>> refs/remotes/DevelopersGuild/master
  </ItemGroup>
</Project>